// !$*UTF8*$!
{
	archiveVersion = 1;
	classes = {
	};
	objectVersion = 77;
	objects = {

/* Begin PBXBuildFile section */
		7988D9242DD76C3C0090C124 /* GRPCCodeGen in Frameworks */ = {isa = PBXBuildFile; productRef = 7988D9232DD76C3C0090C124 /* GRPCCodeGen */; };
		7988D9262DD76C3C0090C124 /* GRPCCore in Frameworks */ = {isa = PBXBuildFile; productRef = 7988D9252DD76C3C0090C124 /* GRPCCore */; };
		7988D9282DD76C3C0090C124 /* GRPCInProcessTransport in Frameworks */ = {isa = PBXBuildFile; productRef = 7988D9272DD76C3C0090C124 /* GRPCInProcessTransport */; };
		7988D92B2DD76E150090C124 /* GRPCProtobuf in Frameworks */ = {isa = PBXBuildFile; productRef = 7988D92A2DD76E150090C124 /* GRPCProtobuf */; };
		7988D92D2DD76E150090C124 /* protoc-gen-grpc-swift in Frameworks */ = {isa = PBXBuildFile; productRef = 7988D92C2DD76E150090C124 /* protoc-gen-grpc-swift */; };
		7988D93D2DD77A200090C124 /* GRPCNIOTransportHTTP2 in Frameworks */ = {isa = PBXBuildFile; productRef = 7988D93C2DD77A200090C124 /* GRPCNIOTransportHTTP2 */; };
		7988D93F2DD77A200090C124 /* GRPCNIOTransportHTTP2Posix in Frameworks */ = {isa = PBXBuildFile; productRef = 7988D93E2DD77A200090C124 /* GRPCNIOTransportHTTP2Posix */; };
		7988D9412DD77A200090C124 /* GRPCNIOTransportHTTP2TransportServices in Frameworks */ = {isa = PBXBuildFile; productRef = 7988D9402DD77A200090C124 /* GRPCNIOTransportHTTP2TransportServices */; };
		7988D9522DD7B20C0090C124 /* ArgumentParser in Frameworks */ = {isa = PBXBuildFile; productRef = 7988D9512DD7B20C0090C124 /* ArgumentParser */; };
/* End PBXBuildFile section */

/* Begin PBXContainerItemProxy section */
		797D0BE72DD64D1B002071CF /* PBXContainerItemProxy */ = {
			isa = PBXContainerItemProxy;
			containerPortal = 797D0BCE2DD64D19002071CF /* Project object */;
			proxyType = 1;
			remoteGlobalIDString = 797D0BD52DD64D19002071CF;
			remoteInfo = mobile;
		};
		797D0BF12DD64D1B002071CF /* PBXContainerItemProxy */ = {
			isa = PBXContainerItemProxy;
			containerPortal = 797D0BCE2DD64D19002071CF /* Project object */;
			proxyType = 1;
			remoteGlobalIDString = 797D0BD52DD64D19002071CF;
			remoteInfo = mobile;
		};
/* End PBXContainerItemProxy section */

/* Begin PBXFileReference section */
		797D0BD62DD64D19002071CF /* mobile.app */ = {isa = PBXFileReference; explicitFileType = wrapper.application; includeInIndex = 0; path = mobile.app; sourceTree = BUILT_PRODUCTS_DIR; };
		797D0BE62DD64D1B002071CF /* mobileTests.xctest */ = {isa = PBXFileReference; explicitFileType = wrapper.cfbundle; includeInIndex = 0; path = mobileTests.xctest; sourceTree = BUILT_PRODUCTS_DIR; };
		797D0BF02DD64D1B002071CF /* mobileUITests.xctest */ = {isa = PBXFileReference; explicitFileType = wrapper.cfbundle; includeInIndex = 0; path = mobileUITests.xctest; sourceTree = BUILT_PRODUCTS_DIR; };
/* End PBXFileReference section */

/* Begin PBXFileSystemSynchronizedBuildFileExceptionSet section */
		797D0C1C2DD7304D002071CF /* Exceptions for "mobile" folder in "mobile" target */ = {
			isa = PBXFileSystemSynchronizedBuildFileExceptionSet;
			membershipExceptions = (
				Info.plist,
			);
			target = 797D0BD52DD64D19002071CF /* mobile */;
		};
/* End PBXFileSystemSynchronizedBuildFileExceptionSet section */

/* Begin PBXFileSystemSynchronizedRootGroup section */
		797D0BD82DD64D19002071CF /* mobile */ = {
			isa = PBXFileSystemSynchronizedRootGroup;
			exceptions = (
				797D0C1C2DD7304D002071CF /* Exceptions for "mobile" folder in "mobile" target */,
			);
			path = mobile;
			sourceTree = "<group>";
		};
		797D0BE92DD64D1B002071CF /* mobileTests */ = {
			isa = PBXFileSystemSynchronizedRootGroup;
			path = mobileTests;
			sourceTree = "<group>";
		};
		797D0BF32DD64D1B002071CF /* mobileUITests */ = {
			isa = PBXFileSystemSynchronizedRootGroup;
			path = mobileUITests;
			sourceTree = "<group>";
		};
/* End PBXFileSystemSynchronizedRootGroup section */

/* Begin PBXFrameworksBuildPhase section */
		797D0BD32DD64D19002071CF /* Frameworks */ = {
			isa = PBXFrameworksBuildPhase;
			buildActionMask = 2147483647;
			files = (
				7988D92B2DD76E150090C124 /* GRPCProtobuf in Frameworks */,
				7988D9242DD76C3C0090C124 /* GRPCCodeGen in Frameworks */,
				7988D9262DD76C3C0090C124 /* GRPCCore in Frameworks */,
				7988D9522DD7B20C0090C124 /* ArgumentParser in Frameworks */,
				7988D9412DD77A200090C124 /* GRPCNIOTransportHTTP2TransportServices in Frameworks */,
				7988D92D2DD76E150090C124 /* protoc-gen-grpc-swift in Frameworks */,
				7988D93F2DD77A200090C124 /* GRPCNIOTransportHTTP2Posix in Frameworks */,
				7988D93D2DD77A200090C124 /* GRPCNIOTransportHTTP2 in Frameworks */,
				7988D9282DD76C3C0090C124 /* GRPCInProcessTransport in Frameworks */,
			);
			runOnlyForDeploymentPostprocessing = 0;
		};
		797D0BE32DD64D1B002071CF /* Frameworks */ = {
			isa = PBXFrameworksBuildPhase;
			buildActionMask = 2147483647;
			files = (
			);
			runOnlyForDeploymentPostprocessing = 0;
		};
		797D0BED2DD64D1B002071CF /* Frameworks */ = {
			isa = PBXFrameworksBuildPhase;
			buildActionMask = 2147483647;
			files = (
			);
			runOnlyForDeploymentPostprocessing = 0;
		};
/* End PBXFrameworksBuildPhase section */

/* Begin PBXGroup section */
		797D0BCD2DD64D19002071CF = {
			isa = PBXGroup;
			children = (
				797D0BD82DD64D19002071CF /* mobile */,
				797D0BE92DD64D1B002071CF /* mobileTests */,
				797D0BF32DD64D1B002071CF /* mobileUITests */,
				797D0BD72DD64D19002071CF /* Products */,
			);
			sourceTree = "<group>";
		};
		797D0BD72DD64D19002071CF /* Products */ = {
			isa = PBXGroup;
			children = (
				797D0BD62DD64D19002071CF /* mobile.app */,
				797D0BE62DD64D1B002071CF /* mobileTests.xctest */,
				797D0BF02DD64D1B002071CF /* mobileUITests.xctest */,
			);
			name = Products;
			sourceTree = "<group>";
		};
/* End PBXGroup section */

/* Begin PBXNativeTarget section */
		797D0BD52DD64D19002071CF /* mobile */ = {
			isa = PBXNativeTarget;
			buildConfigurationList = 797D0BFA2DD64D1B002071CF /* Build configuration list for PBXNativeTarget "mobile" */;
			buildPhases = (
				797D0BD22DD64D19002071CF /* Sources */,
				797D0BD32DD64D19002071CF /* Frameworks */,
				797D0BD42DD64D19002071CF /* Resources */,
			);
			buildRules = (
			);
			dependencies = (
			);
			fileSystemSynchronizedGroups = (
				797D0BD82DD64D19002071CF /* mobile */,
			);
			name = mobile;
			packageProductDependencies = (
				7988D9232DD76C3C0090C124 /* GRPCCodeGen */,
				7988D9252DD76C3C0090C124 /* GRPCCore */,
				7988D9272DD76C3C0090C124 /* GRPCInProcessTransport */,
				7988D92A2DD76E150090C124 /* GRPCProtobuf */,
				7988D92C2DD76E150090C124 /* protoc-gen-grpc-swift */,
				7988D93C2DD77A200090C124 /* GRPCNIOTransportHTTP2 */,
				7988D93E2DD77A200090C124 /* GRPCNIOTransportHTTP2Posix */,
				7988D9402DD77A200090C124 /* GRPCNIOTransportHTTP2TransportServices */,
				7988D9512DD7B20C0090C124 /* ArgumentParser */,
			);
			productName = mobile;
			productReference = 797D0BD62DD64D19002071CF /* mobile.app */;
			productType = "com.apple.product-type.application";
		};
		797D0BE52DD64D1B002071CF /* mobileTests */ = {
			isa = PBXNativeTarget;
			buildConfigurationList = 797D0BFD2DD64D1B002071CF /* Build configuration list for PBXNativeTarget "mobileTests" */;
			buildPhases = (
				797D0BE22DD64D1B002071CF /* Sources */,
				797D0BE32DD64D1B002071CF /* Frameworks */,
				797D0BE42DD64D1B002071CF /* Resources */,
			);
			buildRules = (
			);
			dependencies = (
				797D0BE82DD64D1B002071CF /* PBXTargetDependency */,
			);
			fileSystemSynchronizedGroups = (
				797D0BE92DD64D1B002071CF /* mobileTests */,
			);
			name = mobileTests;
			packageProductDependencies = (
			);
			productName = mobileTests;
			productReference = 797D0BE62DD64D1B002071CF /* mobileTests.xctest */;
			productType = "com.apple.product-type.bundle.unit-test";
		};
		797D0BEF2DD64D1B002071CF /* mobileUITests */ = {
			isa = PBXNativeTarget;
			buildConfigurationList = 797D0C002DD64D1B002071CF /* Build configuration list for PBXNativeTarget "mobileUITests" */;
			buildPhases = (
				797D0BEC2DD64D1B002071CF /* Sources */,
				797D0BED2DD64D1B002071CF /* Frameworks */,
				797D0BEE2DD64D1B002071CF /* Resources */,
			);
			buildRules = (
			);
			dependencies = (
				797D0BF22DD64D1B002071CF /* PBXTargetDependency */,
			);
			fileSystemSynchronizedGroups = (
				797D0BF32DD64D1B002071CF /* mobileUITests */,
			);
			name = mobileUITests;
			packageProductDependencies = (
			);
			productName = mobileUITests;
			productReference = 797D0BF02DD64D1B002071CF /* mobileUITests.xctest */;
			productType = "com.apple.product-type.bundle.ui-testing";
		};
/* End PBXNativeTarget section */

/* Begin PBXProject section */
		797D0BCE2DD64D19002071CF /* Project object */ = {
			isa = PBXProject;
			attributes = {
				BuildIndependentTargetsInParallel = 1;
				LastSwiftUpdateCheck = 1610;
				LastUpgradeCheck = 1610;
				TargetAttributes = {
					797D0BD52DD64D19002071CF = {
						CreatedOnToolsVersion = 16.1;
					};
					797D0BE52DD64D1B002071CF = {
						CreatedOnToolsVersion = 16.1;
						TestTargetID = 797D0BD52DD64D19002071CF;
					};
					797D0BEF2DD64D1B002071CF = {
						CreatedOnToolsVersion = 16.1;
						TestTargetID = 797D0BD52DD64D19002071CF;
					};
				};
			};
			buildConfigurationList = 797D0BD12DD64D19002071CF /* Build configuration list for PBXProject "mobile" */;
			developmentRegion = en;
			hasScannedForEncodings = 0;
			knownRegions = (
				en,
				Base,
			);
			mainGroup = 797D0BCD2DD64D19002071CF;
			minimizedProjectReferenceProxies = 1;
			packageReferences = (
				797D0C282DD769EE002071CF /* XCRemoteSwiftPackageReference "grpc-swift" */,
				7988D9292DD76E150090C124 /* XCRemoteSwiftPackageReference "grpc-swift-protobuf" */,
				7988D93B2DD77A200090C124 /* XCRemoteSwiftPackageReference "grpc-swift-nio-transport" */,
				7988D9502DD7B20C0090C124 /* XCRemoteSwiftPackageReference "swift-argument-parser" */,
			);
			preferredProjectObjectVersion = 77;
			productRefGroup = 797D0BD72DD64D19002071CF /* Products */;
			projectDirPath = "";
			projectRoot = "";
			targets = (
				797D0BD52DD64D19002071CF /* mobile */,
				797D0BE52DD64D1B002071CF /* mobileTests */,
				797D0BEF2DD64D1B002071CF /* mobileUITests */,
			);
		};
/* End PBXProject section */

/* Begin PBXResourcesBuildPhase section */
		797D0BD42DD64D19002071CF /* Resources */ = {
			isa = PBXResourcesBuildPhase;
			buildActionMask = 2147483647;
			files = (
			);
			runOnlyForDeploymentPostprocessing = 0;
		};
		797D0BE42DD64D1B002071CF /* Resources */ = {
			isa = PBXResourcesBuildPhase;
			buildActionMask = 2147483647;
			files = (
			);
			runOnlyForDeploymentPostprocessing = 0;
		};
		797D0BEE2DD64D1B002071CF /* Resources */ = {
			isa = PBXResourcesBuildPhase;
			buildActionMask = 2147483647;
			files = (
			);
			runOnlyForDeploymentPostprocessing = 0;
		};
/* End PBXResourcesBuildPhase section */

/* Begin PBXSourcesBuildPhase section */
		797D0BD22DD64D19002071CF /* Sources */ = {
			isa = PBXSourcesBuildPhase;
			buildActionMask = 2147483647;
			files = (
			);
			runOnlyForDeploymentPostprocessing = 0;
		};
		797D0BE22DD64D1B002071CF /* Sources */ = {
			isa = PBXSourcesBuildPhase;
			buildActionMask = 2147483647;
			files = (
			);
			runOnlyForDeploymentPostprocessing = 0;
		};
		797D0BEC2DD64D1B002071CF /* Sources */ = {
			isa = PBXSourcesBuildPhase;
			buildActionMask = 2147483647;
			files = (
			);
			runOnlyForDeploymentPostprocessing = 0;
		};
/* End PBXSourcesBuildPhase section */

/* Begin PBXTargetDependency section */
		797D0BE82DD64D1B002071CF /* PBXTargetDependency */ = {
			isa = PBXTargetDependency;
			target = 797D0BD52DD64D19002071CF /* mobile */;
			targetProxy = 797D0BE72DD64D1B002071CF /* PBXContainerItemProxy */;
		};
		797D0BF22DD64D1B002071CF /* PBXTargetDependency */ = {
			isa = PBXTargetDependency;
			target = 797D0BD52DD64D19002071CF /* mobile */;
			targetProxy = 797D0BF12DD64D1B002071CF /* PBXContainerItemProxy */;
		};
/* End PBXTargetDependency section */

/* Begin XCBuildConfiguration section */
		797D0BF82DD64D1B002071CF /* Debug */ = {
			isa = XCBuildConfiguration;
			buildSettings = {
				ALWAYS_SEARCH_USER_PATHS = NO;
				ASSETCATALOG_COMPILER_GENERATE_SWIFT_ASSET_SYMBOL_EXTENSIONS = YES;
				CLANG_ANALYZER_NONNULL = YES;
				CLANG_ANALYZER_NUMBER_OBJECT_CONVERSION = YES_AGGRESSIVE;
				CLANG_CXX_LANGUAGE_STANDARD = "gnu++20";
				CLANG_ENABLE_MODULES = YES;
				CLANG_ENABLE_OBJC_ARC = YES;
				CLANG_ENABLE_OBJC_WEAK = YES;
				CLANG_WARN_BLOCK_CAPTURE_AUTORELEASING = YES;
				CLANG_WARN_BOOL_CONVERSION = YES;
				CLANG_WARN_COMMA = YES;
				CLANG_WARN_CONSTANT_CONVERSION = YES;
				CLANG_WARN_DEPRECATED_OBJC_IMPLEMENTATIONS = YES;
				CLANG_WARN_DIRECT_OBJC_ISA_USAGE = YES_ERROR;
				CLANG_WARN_DOCUMENTATION_COMMENTS = YES;
				CLANG_WARN_EMPTY_BODY = YES;
				CLANG_WARN_ENUM_CONVERSION = YES;
				CLANG_WARN_INFINITE_RECURSION = YES;
				CLANG_WARN_INT_CONVERSION = YES;
				CLANG_WARN_NON_LITERAL_NULL_CONVERSION = YES;
				CLANG_WARN_OBJC_IMPLICIT_RETAIN_SELF = YES;
				CLANG_WARN_OBJC_LITERAL_CONVERSION = YES;
				CLANG_WARN_OBJC_ROOT_CLASS = YES_ERROR;
				CLANG_WARN_QUOTED_INCLUDE_IN_FRAMEWORK_HEADER = YES;
				CLANG_WARN_RANGE_LOOP_ANALYSIS = YES;
				CLANG_WARN_STRICT_PROTOTYPES = YES;
				CLANG_WARN_SUSPICIOUS_MOVE = YES;
				CLANG_WARN_UNGUARDED_AVAILABILITY = YES_AGGRESSIVE;
				CLANG_WARN_UNREACHABLE_CODE = YES;
				CLANG_WARN__DUPLICATE_METHOD_MATCH = YES;
				COPY_PHASE_STRIP = NO;
				DEBUG_INFORMATION_FORMAT = dwarf;
				ENABLE_STRICT_OBJC_MSGSEND = YES;
				ENABLE_TESTABILITY = YES;
				ENABLE_USER_SCRIPT_SANDBOXING = YES;
				GCC_C_LANGUAGE_STANDARD = gnu17;
				GCC_DYNAMIC_NO_PIC = NO;
				GCC_NO_COMMON_BLOCKS = YES;
				GCC_OPTIMIZATION_LEVEL = 0;
				GCC_PREPROCESSOR_DEFINITIONS = (
					"DEBUG=1",
					"$(inherited)",
				);
				GCC_WARN_64_TO_32_BIT_CONVERSION = YES;
				GCC_WARN_ABOUT_RETURN_TYPE = YES_ERROR;
				GCC_WARN_UNDECLARED_SELECTOR = YES;
				GCC_WARN_UNINITIALIZED_AUTOS = YES_AGGRESSIVE;
				GCC_WARN_UNUSED_FUNCTION = YES;
				GCC_WARN_UNUSED_VARIABLE = YES;
				IPHONEOS_DEPLOYMENT_TARGET = 18.1;
				LOCALIZATION_PREFERS_STRING_CATALOGS = YES;
				MTL_ENABLE_DEBUG_INFO = INCLUDE_SOURCE;
				MTL_FAST_MATH = YES;
				ONLY_ACTIVE_ARCH = YES;
				SDKROOT = iphoneos;
				SWIFT_ACTIVE_COMPILATION_CONDITIONS = "DEBUG $(inherited)";
				SWIFT_OPTIMIZATION_LEVEL = "-Onone";
				SWIFT_VERSION = 6.0;
			};
			name = Debug;
		};
		797D0BF92DD64D1B002071CF /* Release */ = {
			isa = XCBuildConfiguration;
			buildSettings = {
				ALWAYS_SEARCH_USER_PATHS = NO;
				ASSETCATALOG_COMPILER_GENERATE_SWIFT_ASSET_SYMBOL_EXTENSIONS = YES;
				CLANG_ANALYZER_NONNULL = YES;
				CLANG_ANALYZER_NUMBER_OBJECT_CONVERSION = YES_AGGRESSIVE;
				CLANG_CXX_LANGUAGE_STANDARD = "gnu++20";
				CLANG_ENABLE_MODULES = YES;
				CLANG_ENABLE_OBJC_ARC = YES;
				CLANG_ENABLE_OBJC_WEAK = YES;
				CLANG_WARN_BLOCK_CAPTURE_AUTORELEASING = YES;
				CLANG_WARN_BOOL_CONVERSION = YES;
				CLANG_WARN_COMMA = YES;
				CLANG_WARN_CONSTANT_CONVERSION = YES;
				CLANG_WARN_DEPRECATED_OBJC_IMPLEMENTATIONS = YES;
				CLANG_WARN_DIRECT_OBJC_ISA_USAGE = YES_ERROR;
				CLANG_WARN_DOCUMENTATION_COMMENTS = YES;
				CLANG_WARN_EMPTY_BODY = YES;
				CLANG_WARN_ENUM_CONVERSION = YES;
				CLANG_WARN_INFINITE_RECURSION = YES;
				CLANG_WARN_INT_CONVERSION = YES;
				CLANG_WARN_NON_LITERAL_NULL_CONVERSION = YES;
				CLANG_WARN_OBJC_IMPLICIT_RETAIN_SELF = YES;
				CLANG_WARN_OBJC_LITERAL_CONVERSION = YES;
				CLANG_WARN_OBJC_ROOT_CLASS = YES_ERROR;
				CLANG_WARN_QUOTED_INCLUDE_IN_FRAMEWORK_HEADER = YES;
				CLANG_WARN_RANGE_LOOP_ANALYSIS = YES;
				CLANG_WARN_STRICT_PROTOTYPES = YES;
				CLANG_WARN_SUSPICIOUS_MOVE = YES;
				CLANG_WARN_UNGUARDED_AVAILABILITY = YES_AGGRESSIVE;
				CLANG_WARN_UNREACHABLE_CODE = YES;
				CLANG_WARN__DUPLICATE_METHOD_MATCH = YES;
				COPY_PHASE_STRIP = NO;
				DEBUG_INFORMATION_FORMAT = "dwarf-with-dsym";
				ENABLE_NS_ASSERTIONS = NO;
				ENABLE_STRICT_OBJC_MSGSEND = YES;
				ENABLE_USER_SCRIPT_SANDBOXING = YES;
				GCC_C_LANGUAGE_STANDARD = gnu17;
				GCC_NO_COMMON_BLOCKS = YES;
				GCC_WARN_64_TO_32_BIT_CONVERSION = YES;
				GCC_WARN_ABOUT_RETURN_TYPE = YES_ERROR;
				GCC_WARN_UNDECLARED_SELECTOR = YES;
				GCC_WARN_UNINITIALIZED_AUTOS = YES_AGGRESSIVE;
				GCC_WARN_UNUSED_FUNCTION = YES;
				GCC_WARN_UNUSED_VARIABLE = YES;
				IPHONEOS_DEPLOYMENT_TARGET = 18.1;
				LOCALIZATION_PREFERS_STRING_CATALOGS = YES;
				MTL_ENABLE_DEBUG_INFO = NO;
				MTL_FAST_MATH = YES;
				SDKROOT = iphoneos;
				SWIFT_COMPILATION_MODE = wholemodule;
				SWIFT_VERSION = 6.0;
				VALIDATE_PRODUCT = YES;
			};
			name = Release;
		};
		797D0BFB2DD64D1B002071CF /* Debug */ = {
			isa = XCBuildConfiguration;
			buildSettings = {
				ASSETCATALOG_COMPILER_APPICON_NAME = AppIcon;
				ASSETCATALOG_COMPILER_GLOBAL_ACCENT_COLOR_NAME = AccentColor;
				CODE_SIGN_STYLE = Automatic;
				CURRENT_PROJECT_VERSION = 1;
				DEVELOPMENT_ASSET_PATHS = "\"mobile/Preview Content\"";
				ENABLE_PREVIEWS = YES;
				GENERATE_INFOPLIST_FILE = YES;
				INFOPLIST_FILE = mobile/Info.plist;
				INFOPLIST_KEY_NSLocationWhenInUseUsageDescription = "This app uses your location for its core functionality";
				INFOPLIST_KEY_UIApplicationSceneManifest_Generation = YES;
				INFOPLIST_KEY_UIApplicationSupportsIndirectInputEvents = YES;
				INFOPLIST_KEY_UILaunchScreen_Generation = YES;
				INFOPLIST_KEY_UISupportedInterfaceOrientations_iPad = "UIInterfaceOrientationPortrait UIInterfaceOrientationPortraitUpsideDown UIInterfaceOrientationLandscapeLeft UIInterfaceOrientationLandscapeRight";
				INFOPLIST_KEY_UISupportedInterfaceOrientations_iPhone = "UIInterfaceOrientationPortrait UIInterfaceOrientationLandscapeLeft UIInterfaceOrientationLandscapeRight";
				LD_RUNPATH_SEARCH_PATHS = (
					"$(inherited)",
					"@executable_path/Frameworks",
				);
				MARKETING_VERSION = 1.0;
				PRODUCT_BUNDLE_IDENTIFIER = andrewql01.mobile;
				PRODUCT_NAME = "$(TARGET_NAME)";
				SWIFT_EMIT_LOC_STRINGS = YES;
				SWIFT_VERSION = 5.0;
				TARGETED_DEVICE_FAMILY = "1,2";
			};
			name = Debug;
		};
		797D0BFC2DD64D1B002071CF /* Release */ = {
			isa = XCBuildConfiguration;
			buildSettings = {
				ASSETCATALOG_COMPILER_APPICON_NAME = AppIcon;
				ASSETCATALOG_COMPILER_GLOBAL_ACCENT_COLOR_NAME = AccentColor;
				CODE_SIGN_STYLE = Automatic;
				CURRENT_PROJECT_VERSION = 1;
				DEVELOPMENT_ASSET_PATHS = "\"mobile/Preview Content\"";
				ENABLE_PREVIEWS = YES;
				GENERATE_INFOPLIST_FILE = YES;
				INFOPLIST_FILE = mobile/Info.plist;
				INFOPLIST_KEY_NSLocationWhenInUseUsageDescription = "This app uses your location for its core functionality";
				INFOPLIST_KEY_UIApplicationSceneManifest_Generation = YES;
				INFOPLIST_KEY_UIApplicationSupportsIndirectInputEvents = YES;
				INFOPLIST_KEY_UILaunchScreen_Generation = YES;
				INFOPLIST_KEY_UISupportedInterfaceOrientations_iPad = "UIInterfaceOrientationPortrait UIInterfaceOrientationPortraitUpsideDown UIInterfaceOrientationLandscapeLeft UIInterfaceOrientationLandscapeRight";
				INFOPLIST_KEY_UISupportedInterfaceOrientations_iPhone = "UIInterfaceOrientationPortrait UIInterfaceOrientationLandscapeLeft UIInterfaceOrientationLandscapeRight";
				LD_RUNPATH_SEARCH_PATHS = (
					"$(inherited)",
					"@executable_path/Frameworks",
				);
				MARKETING_VERSION = 1.0;
				PRODUCT_BUNDLE_IDENTIFIER = andrewql01.mobile;
				PRODUCT_NAME = "$(TARGET_NAME)";
				SWIFT_EMIT_LOC_STRINGS = YES;
				SWIFT_VERSION = 5.0;
				TARGETED_DEVICE_FAMILY = "1,2";
			};
			name = Release;
		};
		797D0BFE2DD64D1B002071CF /* Debug */ = {
			isa = XCBuildConfiguration;
			buildSettings = {
				BUNDLE_LOADER = "$(TEST_HOST)";
				CODE_SIGN_STYLE = Automatic;
				CURRENT_PROJECT_VERSION = 1;
				GENERATE_INFOPLIST_FILE = YES;
				IPHONEOS_DEPLOYMENT_TARGET = 18.1;
				MARKETING_VERSION = 1.0;
				PRODUCT_BUNDLE_IDENTIFIER = andrewql01.mobileTests;
				PRODUCT_NAME = "$(TARGET_NAME)";
				SWIFT_EMIT_LOC_STRINGS = NO;
				SWIFT_VERSION = 5.0;
				TARGETED_DEVICE_FAMILY = "1,2";
				TEST_HOST = "$(BUILT_PRODUCTS_DIR)/mobile.app/$(BUNDLE_EXECUTABLE_FOLDER_PATH)/mobile";
			};
			name = Debug;
		};
		797D0BFF2DD64D1B002071CF /* Release */ = {
			isa = XCBuildConfiguration;
			buildSettings = {
				BUNDLE_LOADER = "$(TEST_HOST)";
				CODE_SIGN_STYLE = Automatic;
				CURRENT_PROJECT_VERSION = 1;
				GENERATE_INFOPLIST_FILE = YES;
				IPHONEOS_DEPLOYMENT_TARGET = 18.1;
				MARKETING_VERSION = 1.0;
				PRODUCT_BUNDLE_IDENTIFIER = andrewql01.mobileTests;
				PRODUCT_NAME = "$(TARGET_NAME)";
				SWIFT_EMIT_LOC_STRINGS = NO;
				SWIFT_VERSION = 5.0;
				TARGETED_DEVICE_FAMILY = "1,2";
				TEST_HOST = "$(BUILT_PRODUCTS_DIR)/mobile.app/$(BUNDLE_EXECUTABLE_FOLDER_PATH)/mobile";
			};
			name = Release;
		};
		797D0C012DD64D1B002071CF /* Debug */ = {
			isa = XCBuildConfiguration;
			buildSettings = {
				CODE_SIGN_STYLE = Automatic;
				CURRENT_PROJECT_VERSION = 1;
				GENERATE_INFOPLIST_FILE = YES;
				MARKETING_VERSION = 1.0;
				PRODUCT_BUNDLE_IDENTIFIER = andrewql01.mobileUITests;
				PRODUCT_NAME = "$(TARGET_NAME)";
				SWIFT_EMIT_LOC_STRINGS = NO;
				SWIFT_VERSION = 5.0;
				TARGETED_DEVICE_FAMILY = "1,2";
				TEST_TARGET_NAME = mobile;
			};
			name = Debug;
		};
		797D0C022DD64D1B002071CF /* Release */ = {
			isa = XCBuildConfiguration;
			buildSettings = {
				CODE_SIGN_STYLE = Automatic;
				CURRENT_PROJECT_VERSION = 1;
				GENERATE_INFOPLIST_FILE = YES;
				MARKETING_VERSION = 1.0;
				PRODUCT_BUNDLE_IDENTIFIER = andrewql01.mobileUITests;
				PRODUCT_NAME = "$(TARGET_NAME)";
				SWIFT_EMIT_LOC_STRINGS = NO;
				SWIFT_VERSION = 5.0;
				TARGETED_DEVICE_FAMILY = "1,2";
				TEST_TARGET_NAME = mobile;
			};
			name = Release;
		};
/* End XCBuildConfiguration section */

/* Begin XCConfigurationList section */
		797D0BD12DD64D19002071CF /* Build configuration list for PBXProject "mobile" */ = {
			isa = XCConfigurationList;
			buildConfigurations = (
				797D0BF82DD64D1B002071CF /* Debug */,
				797D0BF92DD64D1B002071CF /* Release */,
			);
			defaultConfigurationIsVisible = 0;
			defaultConfigurationName = Release;
		};
		797D0BFA2DD64D1B002071CF /* Build configuration list for PBXNativeTarget "mobile" */ = {
			isa = XCConfigurationList;
			buildConfigurations = (
				797D0BFB2DD64D1B002071CF /* Debug */,
				797D0BFC2DD64D1B002071CF /* Release */,
			);
			defaultConfigurationIsVisible = 0;
			defaultConfigurationName = Release;
		};
		797D0BFD2DD64D1B002071CF /* Build configuration list for PBXNativeTarget "mobileTests" */ = {
			isa = XCConfigurationList;
			buildConfigurations = (
				797D0BFE2DD64D1B002071CF /* Debug */,
				797D0BFF2DD64D1B002071CF /* Release */,
			);
			defaultConfigurationIsVisible = 0;
			defaultConfigurationName = Release;
		};
		797D0C002DD64D1B002071CF /* Build configuration list for PBXNativeTarget "mobileUITests" */ = {
			isa = XCConfigurationList;
			buildConfigurations = (
				797D0C012DD64D1B002071CF /* Debug */,
				797D0C022DD64D1B002071CF /* Release */,
			);
			defaultConfigurationIsVisible = 0;
			defaultConfigurationName = Release;
		};
/* End XCConfigurationList section */

/* Begin XCRemoteSwiftPackageReference section */
		797D0C282DD769EE002071CF /* XCRemoteSwiftPackageReference "grpc-swift" */ = {
			isa = XCRemoteSwiftPackageReference;
			repositoryURL = "https://github.com/grpc/grpc-swift.git";
			requirement = {
				kind = upToNextMajorVersion;
				minimumVersion = 2.2.1;
			};
		};
		7988D9292DD76E150090C124 /* XCRemoteSwiftPackageReference "grpc-swift-protobuf" */ = {
			isa = XCRemoteSwiftPackageReference;
			repositoryURL = "https://github.com/grpc/grpc-swift-protobuf";
			requirement = {
				kind = upToNextMajorVersion;
				minimumVersion = 1.2.0;
			};
		};
		7988D93B2DD77A200090C124 /* XCRemoteSwiftPackageReference "grpc-swift-nio-transport" */ = {
			isa = XCRemoteSwiftPackageReference;
			repositoryURL = "https://github.com/grpc/grpc-swift-nio-transport";
			requirement = {
				kind = upToNextMajorVersion;
				minimumVersion = 1.1.0;
			};
		};
		7988D9502DD7B20C0090C124 /* XCRemoteSwiftPackageReference "swift-argument-parser" */ = {
			isa = XCRemoteSwiftPackageReference;
			repositoryURL = "https://github.com/apple/swift-argument-parser.git";
			requirement = {
				kind = upToNextMajorVersion;
				minimumVersion = 1.5.0;
			};
		};
/* End XCRemoteSwiftPackageReference section */

/* Begin XCSwiftPackageProductDependency section */
		7988D9232DD76C3C0090C124 /* GRPCCodeGen */ = {
			isa = XCSwiftPackageProductDependency;
			package = 797D0C282DD769EE002071CF /* XCRemoteSwiftPackageReference "grpc-swift" */;
			productName = GRPCCodeGen;
		};
		7988D9252DD76C3C0090C124 /* GRPCCore */ = {
			isa = XCSwiftPackageProductDependency;
			package = 797D0C282DD769EE002071CF /* XCRemoteSwiftPackageReference "grpc-swift" */;
			productName = GRPCCore;
		};
		7988D9272DD76C3C0090C124 /* GRPCInProcessTransport */ = {
			isa = XCSwiftPackageProductDependency;
			package = 797D0C282DD769EE002071CF /* XCRemoteSwiftPackageReference "grpc-swift" */;
			productName = GRPCInProcessTransport;
		};
		7988D92A2DD76E150090C124 /* GRPCProtobuf */ = {
			isa = XCSwiftPackageProductDependency;
			package = 7988D9292DD76E150090C124 /* XCRemoteSwiftPackageReference "grpc-swift-protobuf" */;
			productName = GRPCProtobuf;
		};
		7988D92C2DD76E150090C124 /* protoc-gen-grpc-swift */ = {
			isa = XCSwiftPackageProductDependency;
			package = 7988D9292DD76E150090C124 /* XCRemoteSwiftPackageReference "grpc-swift-protobuf" */;
			productName = "protoc-gen-grpc-swift";
		};
		7988D93C2DD77A200090C124 /* GRPCNIOTransportHTTP2 */ = {
			isa = XCSwiftPackageProductDependency;
			package = 7988D93B2DD77A200090C124 /* XCRemoteSwiftPackageReference "grpc-swift-nio-transport" */;
			productName = GRPCNIOTransportHTTP2;
		};
		7988D93E2DD77A200090C124 /* GRPCNIOTransportHTTP2Posix */ = {
			isa = XCSwiftPackageProductDependency;
			package = 7988D93B2DD77A200090C124 /* XCRemoteSwiftPackageReference "grpc-swift-nio-transport" */;
			productName = GRPCNIOTransportHTTP2Posix;
		};
		7988D9402DD77A200090C124 /* GRPCNIOTransportHTTP2TransportServices */ = {
			isa = XCSwiftPackageProductDependency;
			package = 7988D93B2DD77A200090C124 /* XCRemoteSwiftPackageReference "grpc-swift-nio-transport" */;
			productName = GRPCNIOTransportHTTP2TransportServices;
		};
		7988D9512DD7B20C0090C124 /* ArgumentParser */ = {
			isa = XCSwiftPackageProductDependency;
			package = 7988D9502DD7B20C0090C124 /* XCRemoteSwiftPackageReference "swift-argument-parser" */;
			productName = ArgumentParser;
		};
/* End XCSwiftPackageProductDependency section */
	};
	rootObject = 797D0BCE2DD64D19002071CF /* Project object */;
}
